
Microsoft Visual Studio Solution File, Format Version 12.00
# Visual Studio Version 16
VisualStudioVersion = 16.0.32126.315
MinimumVisualStudioVersion = 10.0.40219.1
Project("{FAE04EC0-301F-11D3-BF4B-00C04F79EFBC}") = "EmployeeTask2", "EmployeeTask2\EmployeeTask2.csproj", "{19069AE9-5F87-41E0-8239-51A16EFF204C}"
EndProject
Global
	GlobalSection(SolutionConfigurationPlatforms) = preSolution
		Debug|Any CPU = Debug|Any CPU
		Release|Any CPU = Release|Any CPU
	EndGlobalSection
	GlobalSection(ProjectConfigurationPlatforms) = postSolution
		{19069AE9-5F87-41E0-8239-51A16EFF204C}.Debug|Any CPU.ActiveCfg = Debug|Any CPU
		{19069AE9-5F87-41E0-8239-51A16EFF204C}.Debug|Any CPU.Build.0 = Debug|Any CPU
		{19069AE9-5F87-41E0-8239-51A16EFF204C}.Release|Any CPU.ActiveCfg = Release|Any CPU
		{19069AE9-5F87-41E0-8239-51A16EFF204C}.Release|Any CPU.Build.0 = Release|Any CPU
	EndGlobalSection
	GlobalSection(SolutionProperties) = preSolution
		HideSolutionNode = FALSE
	EndGlobalSection
	GlobalSection(ExtensibilityGlobals) = postSolution
		SolutionGuid = {7D23DFD6-5E4C-40B9-9C45-B4DE60CA0A16}
	EndGlobalSection
EndGlobal
